// !$*UTF8*$!
{
	archiveVersion = 1;
	classes = {
	};
	objectVersion = 46;
	objects = {

/* Begin PBXBuildFile section */
		DF39EE431D4918FC0007E88A /* main.m in Sources */ = {isa = PBXBuildFile; fileRef = DF39EE421D4918FC0007E88A /* main.m */; };
		DF39EE461D4918FC0007E88A /* AppDelegate.m in Sources */ = {isa = PBXBuildFile; fileRef = DF39EE451D4918FC0007E88A /* AppDelegate.m */; };
		DF39EE491D4918FC0007E88A /* ViewController.m in Sources */ = {isa = PBXBuildFile; fileRef = DF39EE481D4918FC0007E88A /* ViewController.m */; };
		DF39EE4C1D4918FC0007E88A /* Main.storyboard in Resources */ = {isa = PBXBuildFile; fileRef = DF39EE4A1D4918FC0007E88A /* Main.storyboard */; };
		DF39EE4E1D4918FC0007E88A /* Assets.xcassets in Resources */ = {isa = PBXBuildFile; fileRef = DF39EE4D1D4918FC0007E88A /* Assets.xcassets */; };
		DF39EE511D4918FC0007E88A /* LaunchScreen.storyboard in Resources */ = {isa = PBXBuildFile; fileRef = DF39EE4F1D4918FC0007E88A /* LaunchScreen.storyboard */; };
		DF39EE611D491A050007E88A /* MMCursorView.m in Sources */ = {isa = PBXBuildFile; fileRef = DF39EE601D491A050007E88A /* MMCursorView.m */; };
		DF39EE641D491A210007E88A /* MMSelectorCell.m in Sources */ = {isa = PBXBuildFile; fileRef = DF39EE631D491A210007E88A /* MMSelectorCell.m */; };
		DF39EE671D491B110007E88A /* MMShowViewController.m in Sources */ = {isa = PBXBuildFile; fileRef = DF39EE661D491B110007E88A /* MMShowViewController.m */; };
/* End PBXBuildFile section */

/* Begin PBXFileReference section */
		DF39EE3E1D4918FC0007E88A /* TopMenu.app */ = {isa = PBXFileReference; explicitFileType = wrapper.application; includeInIndex = 0; path = TopMenu.app; sourceTree = BUILT_PRODUCTS_DIR; };
		DF39EE421D4918FC0007E88A /* main.m */ = {isa = PBXFileReference; lastKnownFileType = sourcecode.c.objc; path = main.m; sourceTree = "<group>"; };
		DF39EE441D4918FC0007E88A /* AppDelegate.h */ = {isa = PBXFileReference; lastKnownFileType = sourcecode.c.h; path = AppDelegate.h; sourceTree = "<group>"; };
		DF39EE451D4918FC0007E88A /* AppDelegate.m */ = {isa = PBXFileReference; lastKnownFileType = sourcecode.c.objc; path = AppDelegate.m; sourceTree = "<group>"; };
		DF39EE471D4918FC0007E88A /* ViewController.h */ = {isa = PBXFileReference; lastKnownFileType = sourcecode.c.h; path = ViewController.h; sourceTree = "<group>"; };
		DF39EE481D4918FC0007E88A /* ViewController.m */ = {isa = PBXFileReference; lastKnownFileType = sourcecode.c.objc; path = ViewController.m; sourceTree = "<group>"; };
		DF39EE4B1D4918FC0007E88A /* Base */ = {isa = PBXFileReference; lastKnownFileType = file.storyboard; name = Base; path = Base.lproj/Main.storyboard; sourceTree = "<group>"; };
		DF39EE4D1D4918FC0007E88A /* Assets.xcassets */ = {isa = PBXFileReference; lastKnownFileType = folder.assetcatalog; path = Assets.xcassets; sourceTree = "<group>"; };
		DF39EE501D4918FC0007E88A /* Base */ = {isa = PBXFileReference; lastKnownFileType = file.storyboard; name = Base; path = Base.lproj/LaunchScreen.storyboard; sourceTree = "<group>"; };
		DF39EE521D4918FC0007E88A /* Info.plist */ = {isa = PBXFileReference; lastKnownFileType = text.plist.xml; path = Info.plist; sourceTree = "<group>"; };
		DF39EE5F1D491A050007E88A /* MMCursorView.h */ = {isa = PBXFileReference; fileEncoding = 4; lastKnownFileType = sourcecode.c.h; path = MMCursorView.h; sourceTree = "<group>"; };
		DF39EE601D491A050007E88A /* MMCursorView.m */ = {isa = PBXFileReference; fileEncoding = 4; lastKnownFileType = sourcecode.c.objc; path = MMCursorView.m; sourceTree = "<group>"; };
		DF39EE621D491A210007E88A /* MMSelectorCell.h */ = {isa = PBXFileReference; fileEncoding = 4; lastKnownFileType = sourcecode.c.h; path = MMSelectorCell.h; sourceTree = "<group>"; };
		DF39EE631D491A210007E88A /* MMSelectorCell.m */ = {isa = PBXFileReference; fileEncoding = 4; lastKnownFileType = sourcecode.c.objc; path = MMSelectorCell.m; sourceTree = "<group>"; };
		DF39EE651D491B110007E88A /* MMShowViewController.h */ = {isa = PBXFileReference; fileEncoding = 4; lastKnownFileType = sourcecode.c.h; path = MMShowViewController.h; sourceTree = "<group>"; };
		DF39EE661D491B110007E88A /* MMShowViewController.m */ = {isa = PBXFileReference; fileEncoding = 4; lastKnownFileType = sourcecode.c.objc; path = MMShowViewController.m; sourceTree = "<group>"; };
/* End PBXFileReference section */

/* Begin PBXFrameworksBuildPhase section */
		DF39EE3B1D4918FC0007E88A /* Frameworks */ = {
			isa = PBXFrameworksBuildPhase;
			buildActionMask = 2147483647;
			files = (
			);
			runOnlyForDeploymentPostprocessing = 0;
		};
/* End PBXFrameworksBuildPhase section */

/* Begin PBXGroup section */
		DF39EE351D4918FC0007E88A = {
			isa = PBXGroup;
			children = (
				DF39EE401D4918FC0007E88A /* TopMenu */,
				DF39EE3F1D4918FC0007E88A /* Products */,
			);
			sourceTree = "<group>";
		};
		DF39EE3F1D4918FC0007E88A /* Products */ = {
			isa = PBXGroup;
			children = (
				DF39EE3E1D4918FC0007E88A /* TopMenu.app */,
			);
			name = Products;
			sourceTree = "<group>";
		};
		DF39EE401D4918FC0007E88A /* TopMenu */ = {
			isa = PBXGroup;
			children = (
				DF39EE581D4919290007E88A /* SDPagesSelector */,
				DF39EE441D4918FC0007E88A /* AppDelegate.h */,
				DF39EE451D4918FC0007E88A /* AppDelegate.m */,
				DF39EE471D4918FC0007E88A /* ViewController.h */,
				DF39EE481D4918FC0007E88A /* ViewController.m */,
				DF39EE651D491B110007E88A /* MMShowViewController.h */,
				DF39EE661D491B110007E88A /* MMShowViewController.m */,
				DF39EE4A1D4918FC0007E88A /* Main.storyboard */,
				DF39EE4D1D4918FC0007E88A /* Assets.xcassets */,
				DF39EE4F1D4918FC0007E88A /* LaunchScreen.storyboard */,
				DF39EE521D4918FC0007E88A /* Info.plist */,
				DF39EE411D4918FC0007E88A /* Supporting Files */,
			);
			path = TopMenu;
			sourceTree = "<group>";
		};
		DF39EE411D4918FC0007E88A /* Supporting Files */ = {
			isa = PBXGroup;
			children = (
				DF39EE421D4918FC0007E88A /* main.m */,
			);
			name = "Supporting Files";
			sourceTree = "<group>";
		};
		DF39EE581D4919290007E88A /* SDPagesSelector */ = {
			isa = PBXGroup;
			children = (
				DF39EE5F1D491A050007E88A /* MMCursorView.h */,
				DF39EE601D491A050007E88A /* MMCursorView.m */,
				DF39EE621D491A210007E88A /* MMSelectorCell.h */,
				DF39EE631D491A210007E88A /* MMSelectorCell.m */,
			);
			path = SDPagesSelector;
			sourceTree = "<group>";
		};
/* End PBXGroup section */

/* Begin PBXNativeTarget section */
		DF39EE3D1D4918FC0007E88A /* TopMenu */ = {
			isa = PBXNativeTarget;
			buildConfigurationList = DF39EE551D4918FC0007E88A /* Build configuration list for PBXNativeTarget "TopMenu" */;
			buildPhases = (
				DF39EE3A1D4918FC0007E88A /* Sources */,
				DF39EE3B1D4918FC0007E88A /* Frameworks */,
				DF39EE3C1D4918FC0007E88A /* Resources */,
			);
			buildRules = (
			);
			dependencies = (
			);
			name = TopMenu;
			productName = TopMenu;
			productReference = DF39EE3E1D4918FC0007E88A /* TopMenu.app */;
			productType = "com.apple.product-type.application";
		};
/* End PBXNativeTarget section */

/* Begin PBXProject section */
		DF39EE361D4918FC0007E88A /* Project object */ = {
			isa = PBXProject;
			attributes = {
				LastUpgradeCheck = 0720;
				ORGANIZATIONNAME = tusm;
				TargetAttributes = {
					DF39EE3D1D4918FC0007E88A = {
						CreatedOnToolsVersion = 7.2;
						DevelopmentTeam = 9J36VWRMKC;
					};
				};
			};
			buildConfigurationList = DF39EE391D4918FC0007E88A /* Build configuration list for PBXProject "TopMenu" */;
			compatibilityVersion = "Xcode 3.2";
			developmentRegion = English;
			hasScannedForEncodings = 0;
			knownRegions = (
				en,
				Base,
			);
			mainGroup = DF39EE351D4918FC0007E88A;
			productRefGroup = DF39EE3F1D4918FC0007E88A /* Products */;
			projectDirPath = "";
			projectRoot = "";
			targets = (
				DF39EE3D1D4918FC0007E88A /* TopMenu */,
			);
		};
/* End PBXProject section */

/* Begin PBXResourcesBuildPhase section */
		DF39EE3C1D4918FC0007E88A /* Resources */ = {
			isa = PBXResourcesBuildPhase;
			buildActionMask = 2147483647;
			files = (
				DF39EE511D4918FC0007E88A /* LaunchScreen.storyboard in Resources */,
				DF39EE4E1D4918FC0007E88A /* Assets.xcassets in Resources */,
				DF39EE4C1D4918FC0007E88A /* Main.storyboard in Resources */,
			);
			runOnlyForDeploymentPostprocessing = 0;
		};
/* End PBXResourcesBuildPhase section */

/* Begin PBXSourcesBuildPhase section */
		DF39EE3A1D4918FC0007E88A /* Sources */ = {
			isa = PBXSourcesBuildPhase;
			buildActionMask = 2147483647;
			files = (
				DF39EE611D491A050007E88A /* MMCursorView.m in Sources */,
				DF39EE491D4918FC0007E88A /* ViewController.m in Sources */,
				DF39EE641D491A210007E88A /* MMSelectorCell.m in Sources */,
				DF39EE461D4918FC0007E88A /* AppDelegate.m in Sources */,
				DF39EE431D4918FC0007E88A /* main.m in Sources */,
				DF39EE671D491B110007E88A /* MMShowViewController.m in Sources */,
			);
			runOnlyForDeploymentPostprocessing = 0;
		};
/* End PBXSourcesBuildPhase section */

/* Begin PBXVariantGroup section */
		DF39EE4A1D4918FC0007E88A /* Main.storyboard */ = {
			isa = PBXVariantGroup;
			children = (
				DF39EE4B1D4918FC0007E88A /* Base */,
			);
			name = Main.storyboard;
			sourceTree = "<group>";
		};
		DF39EE4F1D4918FC0007E88A /* LaunchScreen.storyboard */ = {
			isa = PBXVariantGroup;
			children = (
				DF39EE501D4918FC0007E88A /* Base */,
			);
			name = LaunchScreen.storyboard;
			sourceTree = "<group>";
		};
/* End PBXVariantGroup section */

/* Begin XCBuildConfiguration section */
		DF39EE531D4918FC0007E88A /* Debug */ = {
			isa = XCBuildConfiguration;
			buildSettings = {
				ALWAYS_SEARCH_USER_PATHS = NO;
				CLANG_CXX_LANGUAGE_STANDARD = "gnu++0x";
				CLANG_CXX_LIBRARY = "libc++";
				CLANG_ENABLE_MODULES = YES;
				CLANG_ENABLE_OBJC_ARC = YES;
				CLANG_WARN_BOOL_CONVERSION = YES;
				CLANG_WARN_CONSTANT_CONVERSION = YES;
				CLANG_WARN_DIRECT_OBJC_ISA_USAGE = YES_ERROR;
				CLANG_WARN_EMPTY_BODY = YES;
				CLANG_WARN_ENUM_CONVERSION = YES;
				CLANG_WARN_INT_CONVERSION = YES;
				CLANG_WARN_OBJC_ROOT_CLASS = YES_ERROR;
				CLANG_WARN_UNREACHABLE_CODE = YES;
				CLANG_WARN__DUPLICATE_METHOD_MATCH = YES;
				"CODE_SIGN_IDENTITY[sdk=iphoneos*]" = "iPhone Developer";
				COPY_PHASE_STRIP = NO;
				DEBUG_INFORMATION_FORMAT = dwarf;
				ENABLE_STRICT_OBJC_MSGSEND = YES;
				ENABLE_TESTABILITY = YES;
				GCC_C_LANGUAGE_STANDARD = gnu99;
				GCC_DYNAMIC_NO_PIC = NO;
				GCC_NO_COMMON_BLOCKS = YES;
				GCC_OPTIMIZATION_LEVEL = 0;
				GCC_PREPROCESSOR_DEFINITIONS = (
					"DEBUG=1",
					"$(inherited)",
				);
				GCC_WARN_64_TO_32_BIT_CONVERSION = YES;
				GCC_WARN_ABOUT_RETURN_TYPE = YES_ERROR;
				GCC_WARN_UNDECLARED_SELECTOR = YES;
				GCC_WARN_UNINITIALIZED_AUTOS = YES_AGGRESSIVE;
				GCC_WARN_UNUSED_FUNCTION = YES;
				GCC_WARN_UNUSED_VARIABLE = YES;
				IPHONEOS_DEPLOYMENT_TARGET = 9.2;
				MTL_ENABLE_DEBUG_INFO = YES;
				ONLY_ACTIVE_ARCH = YES;
				SDKROOT = iphoneos;
				TARGETED_DEVICE_FAMILY = "1,2";
			};
			name = Debug;
		};
		DF39EE541D4918FC0007E88A /* Release */ = {
			isa = XCBuildConfiguration;
			buildSettings = {
				ALWAYS_SEARCH_USER_PATHS = NO;
				CLANG_CXX_LANGUAGE_STANDARD = "gnu++0x";
				CLANG_CXX_LIBRARY = "libc++";
				CLANG_ENABLE_MODULES = YES;
				CLANG_ENABLE_OBJC_ARC = YES;
				CLANG_WARN_BOOL_CONVERSION = YES;
				CLANG_WARN_CONSTANT_CONVERSION = YES;
				CLANG_WARN_DIRECT_OBJC_ISA_USAGE = YES_ERROR;
				CLANG_WARN_EMPTY_BODY = YES;
				CLANG_WARN_ENUM_CONVERSION = YES;
				CLANG_WARN_INT_CONVERSION = YES;
				CLANG_WARN_OBJC_ROOT_CLASS = YES_ERROR;
				CLANG_WARN_UNREACHABLE_CODE = YES;
				CLANG_WARN__DUPLICATE_METHOD_MATCH = YES;
				"CODE_SIGN_IDENTITY[sdk=iphoneos*]" = "iPhone Developer";
				COPY_PHASE_STRIP = NO;
				DEBUG_INFORMATION_FORMAT = "dwarf-with-dsym";
				ENABLE_NS_ASSERTIONS = NO;
				ENABLE_STRICT_OBJC_MSGSEND = YES;
				GCC_C_LANGUAGE_STANDARD = gnu99;
				GCC_NO_COMMON_BLOCKS = YES;
				GCC_WARN_64_TO_32_BIT_CONVERSION = YES;
				GCC_WARN_ABOUT_RETURN_TYPE = YES_ERROR;
				GCC_WARN_UNDECLARED_SELECTOR = YES;
				GCC_WARN_UNINITIALIZED_AUTOS = YES_AGGRESSIVE;
				GCC_WARN_UNUSED_FUNCTION = YES;
				GCC_WARN_UNUSED_VARIABLE = YES;
				IPHONEOS_DEPLOYMENT_TARGET = 9.2;
				MTL_ENABLE_DEBUG_INFO = NO;
				SDKROOT = iphoneos;
				TARGETED_DEVICE_FAMILY = "1,2";
				VALIDATE_PRODUCT = YES;
			};
			name = Release;
		};
		DF39EE561D4918FC0007E88A /* Debug */ = {
			isa = XCBuildConfiguration;
			buildSettings = {
				ASSETCATALOG_COMPILER_APPICON_NAME = AppIcon;
				INFOPLIST_FILE = TopMenu/Info.plist;
				LD_RUNPATH_SEARCH_PATHS = "$(inherited) @executable_path/Frameworks";
				PRODUCT_BUNDLE_IDENTIFIER = cn.itcast.TopMenu;
				PRODUCT_NAME = "$(TARGET_NAME)";
			};
			name = Debug;
		};
		DF39EE571D4918FC0007E88A /* Release */ = {
			isa = XCBuildConfiguration;
			buildSettings = {
				ASSETCATALOG_COMPILER_APPICON_NAME = AppIcon;
				INFOPLIST_FILE = TopMenu/Info.plist;
				LD_RUNPATH_SEARCH_PATHS = "$(inherited) @executable_path/Frameworks";
				PRODUCT_BUNDLE_IDENTIFIER = cn.itcast.TopMenu;
				PRODUCT_NAME = "$(TARGET_NAME)";
			};
			name = Release;
		};
/* End XCBuildConfiguration section */

/* Begin XCConfigurationList section */
		DF39EE391D4918FC0007E88A /* Build configuration list for PBXProject "TopMenu" */ = {
			isa = XCConfigurationList;
			buildConfigurations = (
				DF39EE531D4918FC0007E88A /* Debug */,
				DF39EE541D4918FC0007E88A /* Release */,
			);
			defaultConfigurationIsVisible = 0;
			defaultConfigurationName = Release;
		};
		DF39EE551D4918FC0007E88A /* Build configuration list for PBXNativeTarget "TopMenu" */ = {
			isa = XCConfigurationList;
			buildConfigurations = (
				DF39EE561D4918FC0007E88A /* Debug */,
				DF39EE571D4918FC0007E88A /* Release */,
			);
			defaultConfigurationIsVisible = 0;
		};
/* End XCConfigurationList section */
	};
	rootObject = DF39EE361D4918FC0007E88A /* Project object */;
}
